{
  "name": "webtest",
  "version": "1.0.0",
  "lockfileVersion": 1,
  "requires": true,
  "dependencies": {
    "cypress-wait-until": {
      "version": "1.7.1",
      "resolved": "https://registry.npmjs.org/cypress-wait-until/-/cypress-wait-until-1.7.1.tgz",
      "integrity": "sha512-8DL5IsBTbAxBjfYgCzdbohPq/bY+IKc63fxtso1C8RWhLnQkZbVESyaclNr76jyxfId6uyzX8+Xnt0ZwaXNtkA==",
      "dev": true
    }
  }
}
